
Microsoft Visual Studio Solution File, Format Version 12.00
# Visual Studio Version 17
VisualStudioVersion = 17.10.34916.146
MinimumVisualStudioVersion = 10.0.40219.1
Project("{FAE04EC0-301F-11D3-BF4B-00C04F79EFBC}") = "CarRental.Application", "CarRental.Application\CarRental.Application.csproj", "{D1CFC635-6F68-727F-E951-9D087D3A3DBF}"
EndProject
Project("{FAE04EC0-301F-11D3-BF4B-00C04F79EFBC}") = "CarRental.ConsoleUI", "CarRental.ConsoleUI\CarRental.ConsoleUI.csproj", "{02478BF5-A8A7-77FC-71E2-66808B76AD2D}"
EndProject
Project("{FAE04EC0-301F-11D3-BF4B-00C04F79EFBC}") = "CarRental.Domain", "CarRental.Domain\CarRental.Domain.csproj", "{A4F72157-55B5-F330-C5EE-82554D1E4AE6}"
EndProject
Project("{FAE04EC0-301F-11D3-BF4B-00C04F79EFBC}") = "CarRental.Infrastructure", "CarRental.Infrastructure\CarRental.Infrastructure.csproj", "{BC450137-ECDC-D0A6-9C70-887579DD4AD0}"
EndProject
Project("{FAE04EC0-301F-11D3-BF4B-00C04F79EFBC}") = "CarRental.Tests", "CarRental.Tests\CarRental.Tests.csproj", "{18D53403-06F1-4E57-B0D8-810317D059B3}"
EndProject
Global
	GlobalSection(SolutionConfigurationPlatforms) = preSolution
		Debug|Any CPU = Debug|Any CPU
		Release|Any CPU = Release|Any CPU
	EndGlobalSection
	GlobalSection(ProjectConfigurationPlatforms) = postSolution
		{D1CFC635-6F68-727F-E951-9D087D3A3DBF}.Debug|Any CPU.ActiveCfg = Debug|Any CPU
		{D1CFC635-6F68-727F-E951-9D087D3A3DBF}.Debug|Any CPU.Build.0 = Debug|Any CPU
		{D1CFC635-6F68-727F-E951-9D087D3A3DBF}.Release|Any CPU.ActiveCfg = Release|Any CPU
		{D1CFC635-6F68-727F-E951-9D087D3A3DBF}.Release|Any CPU.Build.0 = Release|Any CPU
		{02478BF5-A8A7-77FC-71E2-66808B76AD2D}.Debug|Any CPU.ActiveCfg = Debug|Any CPU
		{02478BF5-A8A7-77FC-71E2-66808B76AD2D}.Debug|Any CPU.Build.0 = Debug|Any CPU
		{02478BF5-A8A7-77FC-71E2-66808B76AD2D}.Release|Any CPU.ActiveCfg = Release|Any CPU
		{02478BF5-A8A7-77FC-71E2-66808B76AD2D}.Release|Any CPU.Build.0 = Release|Any CPU
		{A4F72157-55B5-F330-C5EE-82554D1E4AE6}.Debug|Any CPU.ActiveCfg = Debug|Any CPU
		{A4F72157-55B5-F330-C5EE-82554D1E4AE6}.Debug|Any CPU.Build.0 = Debug|Any CPU
		{A4F72157-55B5-F330-C5EE-82554D1E4AE6}.Release|Any CPU.ActiveCfg = Release|Any CPU
		{A4F72157-55B5-F330-C5EE-82554D1E4AE6}.Release|Any CPU.Build.0 = Release|Any CPU
		{BC450137-ECDC-D0A6-9C70-887579DD4AD0}.Debug|Any CPU.ActiveCfg = Debug|Any CPU
		{BC450137-ECDC-D0A6-9C70-887579DD4AD0}.Debug|Any CPU.Build.0 = Debug|Any CPU
		{BC450137-ECDC-D0A6-9C70-887579DD4AD0}.Release|Any CPU.ActiveCfg = Release|Any CPU
		{BC450137-ECDC-D0A6-9C70-887579DD4AD0}.Release|Any CPU.Build.0 = Release|Any CPU
		{18D53403-06F1-4E57-B0D8-810317D059B3}.Debug|Any CPU.ActiveCfg = Debug|Any CPU
		{18D53403-06F1-4E57-B0D8-810317D059B3}.Debug|Any CPU.Build.0 = Debug|Any CPU
		{18D53403-06F1-4E57-B0D8-810317D059B3}.Release|Any CPU.ActiveCfg = Release|Any CPU
		{18D53403-06F1-4E57-B0D8-810317D059B3}.Release|Any CPU.Build.0 = Release|Any CPU
	EndGlobalSection
	GlobalSection(SolutionProperties) = preSolution
		HideSolutionNode = FALSE
	EndGlobalSection
	GlobalSection(ExtensibilityGlobals) = postSolution
		SolutionGuid = {760E5D1D-4C18-48F9-87C9-A7C31ECF5010}
	EndGlobalSection
EndGlobal
